{
  "originHash" : "ab1728216df7cb54a1049eb0a8f0d4ac5ef1a4a0550c23ec71e121bedfa6ac77",
  "pins" : [
    {
      "identity" : "opencombine",
      "kind" : "remoteSourceControl",
      "location" : "https://github.com/OpenCombine/OpenCombine.git",
      "state" : {
        "revision" : "8576f0d579b27020beccbccc3ea6844f3ddfc2c2",
        "version" : "0.14.0"
      }
    },
    {
      "identity" : "swiftopenui",
      "kind" : "remoteSourceControl",
      "location" : "https://github.com/codelynx/SwiftOpenUI",
      "state" : {
        "revision" : "6150b964a7cb1cf3a961770f6947ed55c1a31433"
      }
    }
  ],
  "version" : 3
}
